
Microsoft Visual Studio Solution File, Format Version 12.00
# Visual Studio 2017
Project("{FAE04EC0-301F-11D3-BF4B-00C04F79EFBC}") = "MazeGen.Plugins", "MazeGen.Plugins.csproj", "{AF7D39A5-9E63-1BA9-DF43-DD93ACC8CBCD}"
EndProject
Project("{FAE04EC0-301F-11D3-BF4B-00C04F79EFBC}") = "MazeGen", "MazeGen.csproj", "{BA02C6A5-97E3-2701-F7C0-7B2F8256E970}"
EndProject
Project("{FAE04EC0-301F-11D3-BF4B-00C04F79EFBC}") = "MazeGen.Editor.Plugins", "MazeGen.Editor.Plugins.csproj", "{B3B6432A-B8A7-9A2F-3D1A-357A58760A69}"
EndProject
Project("{FAE04EC0-301F-11D3-BF4B-00C04F79EFBC}") = "MazeGen.Editor", "MazeGen.Editor.csproj", "{5EC4019E-44DB-1AC2-C6E1-D607294E8F22}"
EndProject
Global
	GlobalSection(SolutionConfigurationPlatforms) = preSolution
		Debug|Any CPU = Debug|Any CPU
		Release|Any CPU = Release|Any CPU
	EndGlobalSection
	GlobalSection(ProjectConfigurationPlatforms) = postSolution
		{AF7D39A5-9E63-1BA9-DF43-DD93ACC8CBCD}.Debug|Any CPU.ActiveCfg = Debug|Any CPU
		{AF7D39A5-9E63-1BA9-DF43-DD93ACC8CBCD}.Debug|Any CPU.Build.0 = Debug|Any CPU
		{AF7D39A5-9E63-1BA9-DF43-DD93ACC8CBCD}.Release|Any CPU.ActiveCfg = Release|Any CPU
		{AF7D39A5-9E63-1BA9-DF43-DD93ACC8CBCD}.Release|Any CPU.Build.0 = Release|Any CPU
		{BA02C6A5-97E3-2701-F7C0-7B2F8256E970}.Debug|Any CPU.ActiveCfg = Debug|Any CPU
		{BA02C6A5-97E3-2701-F7C0-7B2F8256E970}.Debug|Any CPU.Build.0 = Debug|Any CPU
		{BA02C6A5-97E3-2701-F7C0-7B2F8256E970}.Release|Any CPU.ActiveCfg = Release|Any CPU
		{BA02C6A5-97E3-2701-F7C0-7B2F8256E970}.Release|Any CPU.Build.0 = Release|Any CPU
		{B3B6432A-B8A7-9A2F-3D1A-357A58760A69}.Debug|Any CPU.ActiveCfg = Debug|Any CPU
		{B3B6432A-B8A7-9A2F-3D1A-357A58760A69}.Debug|Any CPU.Build.0 = Debug|Any CPU
		{B3B6432A-B8A7-9A2F-3D1A-357A58760A69}.Release|Any CPU.ActiveCfg = Release|Any CPU
		{B3B6432A-B8A7-9A2F-3D1A-357A58760A69}.Release|Any CPU.Build.0 = Release|Any CPU
		{5EC4019E-44DB-1AC2-C6E1-D607294E8F22}.Debug|Any CPU.ActiveCfg = Debug|Any CPU
		{5EC4019E-44DB-1AC2-C6E1-D607294E8F22}.Debug|Any CPU.Build.0 = Debug|Any CPU
		{5EC4019E-44DB-1AC2-C6E1-D607294E8F22}.Release|Any CPU.ActiveCfg = Release|Any CPU
		{5EC4019E-44DB-1AC2-C6E1-D607294E8F22}.Release|Any CPU.Build.0 = Release|Any CPU
	EndGlobalSection
	GlobalSection(SolutionProperties) = preSolution
		HideSolutionNode = FALSE
	EndGlobalSection
EndGlobal
